# This file is automatically @generated by Poetry 1.7.1 and should not be changed by hand.

[[package]]
name = "cached-property"
version = "2.0.1"
description = "A decorator for caching properties in classes."
optional = false
python-versions = ">=3.8"
files = [
    {file = "cached_property-2.0.1-py3-none-any.whl", hash = "sha256:f617d70ab1100b7bcf6e42228f9ddcb78c676ffa167278d9f730d1c2fba69ccb"},
    {file = "cached_property-2.0.1.tar.gz", hash = "sha256:484d617105e3ee0e4f1f58725e72a8ef9e93deee462222dbd51cd91230897641"},
]

[[package]]
name = "cytoolz"
version = "1.0.1"
description = "Cython implementation of Toolz: High performance functional utilities"
optional = false
python-versions = ">=3.8"
files = [
    {file = "cytoolz-1.0.1-cp310-cp310-macosx_10_9_x86_64.whl", hash = "sha256:cec9af61f71fc3853eb5dca3d42eb07d1f48a4599fa502cbe92adde85f74b042"},
    {file = "cytoolz-1.0.1-cp310-cp310-macosx_11_0_arm64.whl", hash = "sha256:140bbd649dbda01e91add7642149a5987a7c3ccc251f2263de894b89f50b6608"},
    {file = "cytoolz-1.0.1-cp310-cp310-manylinux_2_17_aarch64.manylinux2014_aarch64.whl", hash = "sha256:e90124bdc42ff58b88cdea1d24a6bc5f776414a314cc4d94f25c88badb3a16d1"},
    {file = "cytoolz-1.0.1-cp310-cp310-manylinux_2_17_ppc64le.manylinux2014_ppc64le.whl", hash = "sha256:e74801b751e28f7c5cc3ad264c123954a051f546f2fdfe089f5aa7a12ccfa6da"},
    {file = "cytoolz-1.0.1-cp310-cp310-manylinux_2_17_s390x.manylinux2014_s390x.whl", hash = "sha256:582dad4545ddfb5127494ef23f3fa4855f1673a35d50c66f7638e9fb49805089"},
    {file = "cytoolz-1.0.1-cp310-cp310-manylinux_2_17_x86_64.manylinux2014_x86_64.whl", hash = "sha256:dd7bd0618e16efe03bd12f19c2a26a27e6e6b75d7105adb7be1cd2a53fa755d8"},
    {file = "cytoolz-1.0.1-cp310-cp310-manylinux_2_5_i686.manylinux1_i686.manylinux_2_17_i686.manylinux2014_i686.whl", hash = "sha256:d74cca6acf1c4af58b2e4a89cc565ed61c5e201de2e434748c93e5a0f5c541a5"},
    {file = "cytoolz-1.0.1-cp310-cp310-musllinux_1_2_aarch64.whl", hash = "sha256:823a3763828d8d457f542b2a45d75d6b4ced5e470b5c7cf2ed66a02f508ed442"},
    {file = "cytoolz-1.0.1-cp310-cp310-musllinux_1_2_i686.whl", hash = "sha256:51633a14e6844c61db1d68c1ffd077cf949f5c99c60ed5f1e265b9e2966f1b52"},
    {file = "cytoolz-1.0.1-cp310-cp310-musllinux_1_2_ppc64le.whl", hash = "sha256:f3ec9b01c45348f1d0d712507d54c2bfd69c62fbd7c9ef555c9d8298693c2432"},
    {file = "cytoolz-1.0.1-cp310-cp310-musllinux_1_2_s390x.whl", hash = "sha256:1855022b712a9c7a5bce354517ab4727a38095f81e2d23d3eabaf1daeb6a3b3c"},
    {file = "cytoolz-1.0.1-cp310-cp310-musllinux_1_2_x86_64.whl", hash = "sha256:9930f7288c4866a1dc1cc87174f0c6ff4cad1671eb1f6306808aa6c445857d78"},
    {file = "cytoolz-1.0.1-cp310-cp310-win32.whl", hash = "sha256:a9baad795d72fadc3445ccd0f122abfdbdf94269157e6d6d4835636dad318804"},
    {file = "cytoolz-1.0.1-cp310-cp310-win_amd64.whl", hash = "sha256:ad95b386a84e18e1f6136f6d343d2509d4c3aae9f5a536f3dc96808fcc56a8cf"},
    {file = "cytoolz-1.0.1-cp311-cp311-macosx_10_9_x86_64.whl", hash = "sha256:2d958d4f04d9d7018e5c1850790d9d8e68b31c9a2deebca74b903706fdddd2b6"},
    {file = "cytoolz-1.0.1-cp311-cp311-macosx_11_0_arm64.whl", hash = "sha256:0f445b8b731fc0ecb1865b8e68a070084eb95d735d04f5b6c851db2daf3048ab"},
    {file = "cytoolz-1.0.1-cp311-cp311-manylinux_2_17_aarch64.manylinux2014_aarch64.whl", hash = "sha256:1f546a96460a7e28eb2ec439f4664fa646c9b3e51c6ebad9a59d3922bbe65e30"},
    {file = "cytoolz-1.0.1-cp311-cp311-manylinux_2_17_ppc64le.manylinux2014_ppc64le.whl", hash = "sha256:0317681dd065532d21836f860b0563b199ee716f55d0c1f10de3ce7100c78a3b"},
    {file = "cytoolz-1.0.1-cp311-cp311-manylinux_2_17_s390x.manylinux2014_s390x.whl", hash = "sha256:0c0ef52febd5a7821a3fd8d10f21d460d1a3d2992f724ba9c91fbd7a96745d41"},
    {file = "cytoolz-1.0.1-cp311-cp311-manylinux_2_17_x86_64.manylinux2014_x86_64.whl", hash = "sha256:f5ebaf419acf2de73b643cf96108702b8aef8e825cf4f63209ceb078d5fbbbfd"},
    {file = "cytoolz-1.0.1-cp311-cp311-manylinux_2_5_i686.manylinux1_i686.manylinux_2_17_i686.manylinux2014_i686.whl", hash = "sha256:5f7f04eeb4088947585c92d6185a618b25ad4a0f8f66ea30c8db83cf94a425e3"},
    {file = "cytoolz-1.0.1-cp311-cp311-musllinux_1_2_aarch64.whl", hash = "sha256:f61928803bb501c17914b82d457c6f50fe838b173fb40d39c38d5961185bd6c7"},
    {file = "cytoolz-1.0.1-cp311-cp311-musllinux_1_2_i686.whl", hash = "sha256:d2960cb4fa01ccb985ad1280db41f90dc97a80b397af970a15d5a5de403c8c61"},
    {file = "cytoolz-1.0.1-cp311-cp311-musllinux_1_2_ppc64le.whl", hash = "sha256:b2b407cc3e9defa8df5eb46644f6f136586f70ba49eba96f43de67b9a0984fd3"},
    {file = "cytoolz-1.0.1-cp311-cp311-musllinux_1_2_s390x.whl", hash = "sha256:8245f929144d4d3bd7b972c9593300195c6cea246b81b4c46053c48b3f044580"},
    {file = "cytoolz-1.0.1-cp311-cp311-musllinux_1_2_x86_64.whl", hash = "sha256:e37385db03af65763933befe89fa70faf25301effc3b0485fec1c15d4ce4f052"},
    {file = "cytoolz-1.0.1-cp311-cp311-win32.whl", hash = "sha256:50f9c530f83e3e574fc95c264c3350adde8145f4f8fc8099f65f00cc595e5ead"},
    {file = "cytoolz-1.0.1-cp311-cp311-win_amd64.whl", hash = "sha256:b7f6b617454b4326af7bd3c7c49b0fc80767f134eb9fd6449917a058d17a0e3c"},
    {file = "cytoolz-1.0.1-cp312-cp312-macosx_10_13_x86_64.whl", hash = "sha256:fcb8f7d0d65db1269022e7e0428471edee8c937bc288ebdcb72f13eaa67c2fe4"},
    {file = "cytoolz-1.0.1-cp312-cp312-macosx_11_0_arm64.whl", hash = "sha256:207d4e4b445e087e65556196ff472ff134370d9a275d591724142e255f384662"},
    {file = "cytoolz-1.0.1-cp312-cp312-manylinux_2_17_aarch64.manylinux2014_aarch64.whl", hash = "sha256:21cdf6bac6fd843f3b20280a66fd8df20dea4c58eb7214a2cd8957ec176f0bb3"},
    {file = "cytoolz-1.0.1-cp312-cp312-manylinux_2_17_ppc64le.manylinux2014_ppc64le.whl", hash = "sha256:4a55ec098036c0dea9f3bdc021f8acd9d105a945227d0811589f0573f21c9ce1"},
    {file = "cytoolz-1.0.1-cp312-cp312-manylinux_2_17_s390x.manylinux2014_s390x.whl", hash = "sha256:a13ab79ff4ce202e03ab646a2134696988b554b6dc4b71451e948403db1331d8"},
    {file = "cytoolz-1.0.1-cp312-cp312-manylinux_2_17_x86_64.manylinux2014_x86_64.whl", hash = "sha256:4e2d944799026e1ff08a83241f1027a2d9276c41f7a74224cd98b7df6e03957d"},
    {file = "cytoolz-1.0.1-cp312-cp312-manylinux_2_5_i686.manylinux1_i686.manylinux_2_17_i686.manylinux2014_i686.whl", hash = "sha256:88ba85834cd523b91fdf10325e1e6d71c798de36ea9bdc187ca7bd146420de6f"},
    {file = "cytoolz-1.0.1-cp312-cp312-musllinux_1_2_aarch64.whl", hash = "sha256:5a750b1af7e8bf6727f588940b690d69e25dc47cce5ce467925a76561317eaf7"},
    {file = "cytoolz-1.0.1-cp312-cp312-musllinux_1_2_i686.whl", hash = "sha256:44a71870f7eae31d263d08b87da7c2bf1176f78892ed8bdade2c2850478cb126"},
    {file = "cytoolz-1.0.1-cp312-cp312-musllinux_1_2_ppc64le.whl", hash = "sha256:c8231b9abbd8e368e036f4cc2e16902c9482d4cf9e02a6147ed0e9a3cd4a9ab0"},
    {file = "cytoolz-1.0.1-cp312-cp312-musllinux_1_2_s390x.whl", hash = "sha256:aa87599ccc755de5a096a4d6c34984de6cd9dc928a0c5eaa7607457317aeaf9b"},
    {file = "cytoolz-1.0.1-cp312-cp312-musllinux_1_2_x86_64.whl", hash = "sha256:67cd16537df51baabde3baa770ab7b8d16839c4d21219d5b96ac59fb012ebd2d"},
    {file = "cytoolz-1.0.1-cp312-cp312-win32.whl", hash = "sha256:fb988c333f05ee30ad4693fe4da55d95ec0bb05775d2b60191236493ea2e01f9"},
    {file = "cytoolz-1.0.1-cp312-cp312-win_amd64.whl", hash = "sha256:8f89c48d8e5aec55ffd566a8ec858706d70ed0c6a50228eca30986bfa5b4da8b"},
    {file = "cytoolz-1.0.1-cp313-cp313-macosx_10_13_x86_64.whl", hash = "sha256:6944bb93b287032a4c5ca6879b69bcd07df46f3079cf8393958cf0b0454f50c0"},
    {file = "cytoolz-1.0.1-cp313-cp313-macosx_11_0_arm64.whl", hash = "sha256:e027260fd2fc5cb041277158ac294fc13dca640714527219f702fb459a59823a"},
    {file = "cytoolz-1.0.1-cp313-cp313-manylinux_2_17_aarch64.manylinux2014_aarch64.whl", hash = "sha256:88662c0e07250d26f5af9bc95911e6137e124a5c1ec2ce4a5d74de96718ab242"},
    {file = "cytoolz-1.0.1-cp313-cp313-manylinux_2_17_ppc64le.manylinux2014_ppc64le.whl", hash = "sha256:309dffa78b0961b4c0cf55674b828fbbc793cf2d816277a5c8293c0c16155296"},
    {file = "cytoolz-1.0.1-cp313-cp313-manylinux_2_17_s390x.manylinux2014_s390x.whl", hash = "sha256:edb34246e6eb40343c5860fc51b24937698e4fa1ee415917a73ad772a9a1746b"},
    {file = "cytoolz-1.0.1-cp313-cp313-manylinux_2_17_x86_64.manylinux2014_x86_64.whl", hash = "sha256:0a54da7a8e4348a18d45d4d5bc84af6c716d7f131113a4f1cc45569d37edff1b"},
    {file = "cytoolz-1.0.1-cp313-cp313-manylinux_2_5_i686.manylinux1_i686.manylinux_2_17_i686.manylinux2014_i686.whl", hash = "sha256:241c679c3b1913c0f7259cf1d9639bed5084c86d0051641d537a0980548aa266"},
    {file = "cytoolz-1.0.1-cp313-cp313-musllinux_1_2_aarch64.whl", hash = "sha256:5bfc860251a8f280ac79696fc3343cfc3a7c30b94199e0240b6c9e5b6b01a2a5"},
    {file = "cytoolz-1.0.1-cp313-cp313-musllinux_1_2_i686.whl", hash = "sha256:c8edd1547014050c1bdad3ff85d25c82bd1c2a3c96830c6181521eb78b9a42b3"},
    {file = "cytoolz-1.0.1-cp313-cp313-musllinux_1_2_ppc64le.whl", hash = "sha256:b349bf6162e8de215403d7f35f8a9b4b1853dc2a48e6e1a609a5b1a16868b296"},
    {file = "cytoolz-1.0.1-cp313-cp313-musllinux_1_2_s390x.whl", hash = "sha256:1b18b35256219b6c3dd0fa037741b85d0bea39c552eab0775816e85a52834140"},
    {file = "cytoolz-1.0.1-cp313-cp313-musllinux_1_2_x86_64.whl", hash = "sha256:738b2350f340ff8af883eb301054eb724997f795d20d90daec7911c389d61581"},
    {file = "cytoolz-1.0.1-cp313-cp313-win32.whl", hash = "sha256:9cbd9c103df54fcca42be55ef40e7baea624ac30ee0b8bf1149f21146d1078d9"},
    {file = "cytoolz-1.0.1-cp313-cp313-win_amd64.whl", hash = "sha256:90e577e08d3a4308186d9e1ec06876d4756b1e8164b92971c69739ea17e15297"},
    {file = "cytoolz-1.0.1-cp38-cp38-macosx_10_9_x86_64.whl", hash = "sha256:f3a509e4ac8e711703c368476b9bbce921fcef6ebb87fa3501525f7000e44185"},
    {file = "cytoolz-1.0.1-cp38-cp38-macosx_11_0_arm64.whl", hash = "sha256:a7eecab6373e933dfbf4fdc0601d8fd7614f8de76793912a103b5fccf98170cd"},
    {file = "cytoolz-1.0.1-cp38-cp38-manylinux_2_17_aarch64.manylinux2014_aarch64.whl", hash = "sha256:e55ed62087f6e3e30917b5f55350c3b6be6470b849c6566018419cd159d2cebc"},
    {file = "cytoolz-1.0.1-cp38-cp38-manylinux_2_17_ppc64le.manylinux2014_ppc64le.whl", hash = "sha256:43de33d99a4ccc07234cecd81f385456b55b0ea9c39c9eebf42f024c313728a5"},
    {file = "cytoolz-1.0.1-cp38-cp38-manylinux_2_17_s390x.manylinux2014_s390x.whl", hash = "sha256:139bed875828e1727018aa0982aa140e055cbafccb7fd89faf45cbb4f2a21514"},
    {file = "cytoolz-1.0.1-cp38-cp38-manylinux_2_17_x86_64.manylinux2014_x86_64.whl", hash = "sha256:22c12671194b518aa8ce2f4422bd5064f25ab57f410ba0b78705d0a219f4a97a"},
    {file = "cytoolz-1.0.1-cp38-cp38-manylinux_2_5_i686.manylinux1_i686.manylinux_2_17_i686.manylinux2014_i686.whl", hash = "sha256:79888f2f7dc25709cd5d37b032a8833741e6a3692c8823be181d542b5999128e"},
    {file = "cytoolz-1.0.1-cp38-cp38-musllinux_1_2_aarch64.whl", hash = "sha256:51628b4eb41fa25bd428f8f7b5b74fbb05f3ae65fbd265019a0dd1ded4fdf12a"},
    {file = "cytoolz-1.0.1-cp38-cp38-musllinux_1_2_i686.whl", hash = "sha256:1db9eb7179285403d2fb56ba1ff6ec35a44921b5e2fa5ca19d69f3f9f0285ea5"},
    {file = "cytoolz-1.0.1-cp38-cp38-musllinux_1_2_ppc64le.whl", hash = "sha256:08ab7efae08e55812340bfd1b3f09f63848fe291675e2105eab1aa5327d3a16e"},
    {file = "cytoolz-1.0.1-cp38-cp38-musllinux_1_2_s390x.whl", hash = "sha256:e5fdc5264f884e7c0a1711a81dff112708a64b9c8561654ee578bfdccec6be09"},
    {file = "cytoolz-1.0.1-cp38-cp38-musllinux_1_2_x86_64.whl", hash = "sha256:90d6a2e6ab891043ee655ec99d5e77455a9bee9e1131bdfcfb745edde81200dd"},
    {file = "cytoolz-1.0.1-cp38-cp38-win32.whl", hash = "sha256:08946e083faa5147751b34fbf78ab931f149ef758af5c1092932b459e18dcf5c"},
    {file = "cytoolz-1.0.1-cp38-cp38-win_amd64.whl", hash = "sha256:a91b4e10a9c03796c0dc93e47ebe25bb41ecc6fafc3cf5197c603cf767a3d44d"},
    {file = "cytoolz-1.0.1-cp39-cp39-macosx_10_9_x86_64.whl", hash = "sha256:980c323e626ba298b77ae62871b2de7c50b9d7219e2ddf706f52dd34b8be7349"},
    {file = "cytoolz-1.0.1-cp39-cp39-macosx_11_0_arm64.whl", hash = "sha256:45f6fa1b512bc2a0f2de5123db932df06c7f69d12874fe06d67772b2828e2c8b"},
    {file = "cytoolz-1.0.1-cp39-cp39-manylinux_2_17_aarch64.manylinux2014_aarch64.whl", hash = "sha256:f93f42d9100c415155ad1f71b0de362541afd4ac95e3153467c4c79972521b6b"},
    {file = "cytoolz-1.0.1-cp39-cp39-manylinux_2_17_ppc64le.manylinux2014_ppc64le.whl", hash = "sha256:a76d20dec9c090cdf4746255bbf06a762e8cc29b5c9c1d138c380bbdb3122ade"},
    {file = "cytoolz-1.0.1-cp39-cp39-manylinux_2_17_s390x.manylinux2014_s390x.whl", hash = "sha256:239039585487c69aa50c5b78f6a422016297e9dea39755761202fb9f0530fe87"},
    {file = "cytoolz-1.0.1-cp39-cp39-manylinux_2_17_x86_64.manylinux2014_x86_64.whl", hash = "sha256:c28307640ca2ab57b9fbf0a834b9bf563958cd9e038378c3a559f45f13c3c541"},
    {file = "cytoolz-1.0.1-cp39-cp39-manylinux_2_5_i686.manylinux1_i686.manylinux_2_17_i686.manylinux2014_i686.whl", hash = "sha256:454880477bb901cee3a60f6324ec48c95d45acc7fecbaa9d49a5af737ded0595"},
    {file = "cytoolz-1.0.1-cp39-cp39-musllinux_1_2_aarch64.whl", hash = "sha256:902115d1b1f360fd81e44def30ac309b8641661150fcbdde18ead446982ada6a"},
    {file = "cytoolz-1.0.1-cp39-cp39-musllinux_1_2_i686.whl", hash = "sha256:e68e6b38473a3a79cee431baa22be31cac39f7df1bf23eaa737eaff42e213883"},
    {file = "cytoolz-1.0.1-cp39-cp39-musllinux_1_2_ppc64le.whl", hash = "sha256:32fba3f63fcb76095b0a22f4bdcc22bc62a2bd2d28d58bf02fd21754c155a3ec"},
    {file = "cytoolz-1.0.1-cp39-cp39-musllinux_1_2_s390x.whl", hash = "sha256:0724ba4cf41eb40b6cf75250820ab069e44bdf4183ff78857aaf4f0061551075"},
    {file = "cytoolz-1.0.1-cp39-cp39-musllinux_1_2_x86_64.whl", hash = "sha256:c42420e0686f887040d5230420ed44f0e960ccbfa29a0d65a3acd9ca52459209"},
    {file = "cytoolz-1.0.1-cp39-cp39-win32.whl", hash = "sha256:4ba8b16358ea56b1fe8e637ec421e36580866f2e787910bac1cf0a6997424a34"},
    {file = "cytoolz-1.0.1-cp39-cp39-win_amd64.whl", hash = "sha256:92d27f84bf44586853d9562bfa3610ecec000149d030f793b4cb614fd9da1813"},
    {file = "cytoolz-1.0.1-pp310-pypy310_pp73-macosx_10_15_x86_64.whl", hash = "sha256:83d19d55738ad9c60763b94f3f6d3c6e4de979aeb8d76841c1401081e0e58d96"},
    {file = "cytoolz-1.0.1-pp310-pypy310_pp73-manylinux_2_17_aarch64.manylinux2014_aarch64.whl", hash = "sha256:f112a71fad6ea824578e6393765ce5c054603afe1471a5c753ff6c67fd872d10"},
    {file = "cytoolz-1.0.1-pp310-pypy310_pp73-manylinux_2_5_i686.manylinux1_i686.manylinux_2_17_i686.manylinux2014_i686.whl", hash = "sha256:5a515df8f8aa6e1eaaf397761a6e4aff2eef73b5f920aedf271416d5471ae5ee"},
    {file = "cytoolz-1.0.1-pp310-pypy310_pp73-manylinux_2_5_x86_64.manylinux1_x86_64.manylinux_2_17_x86_64.manylinux2014_x86_64.whl", hash = "sha256:92c398e7b7023460bea2edffe5fcd0a76029580f06c3f6938ac3d198b47156f3"},
    {file = "cytoolz-1.0.1-pp310-pypy310_pp73-win_amd64.whl", hash = "sha256:3237e56211e03b13df47435b2369f5df281e02b04ad80a948ebd199b7bc10a47"},
    {file = "cytoolz-1.0.1-pp38-pypy38_pp73-macosx_10_9_x86_64.whl", hash = "sha256:ba0d1da50aab1909b165f615ba1125c8b01fcc30d606c42a61c42ea0269b5e2c"},
    {file = "cytoolz-1.0.1-pp38-pypy38_pp73-manylinux_2_17_aarch64.manylinux2014_aarch64.whl", hash = "sha256:25b6e8dec29aa5a390092d193abd673e027d2c0b50774ae816a31454286c45c7"},
    {file = "cytoolz-1.0.1-pp38-pypy38_pp73-manylinux_2_5_i686.manylinux1_i686.manylinux_2_17_i686.manylinux2014_i686.whl", hash = "sha256:36cd6989ebb2f18fe9af8f13e3c61064b9f741a40d83dc5afeb0322338ad25f2"},
    {file = "cytoolz-1.0.1-pp38-pypy38_pp73-manylinux_2_5_x86_64.manylinux1_x86_64.manylinux_2_17_x86_64.manylinux2014_x86_64.whl", hash = "sha256:a47394f8ab7fca3201f40de61fdeea20a2baffb101485ae14901ea89c3f6c95d"},
    {file = "cytoolz-1.0.1-pp38-pypy38_pp73-win_amd64.whl", hash = "sha256:d00ac423542af944302e034e618fb055a0c4e87ba704cd6a79eacfa6ac83a3c9"},
    {file = "cytoolz-1.0.1-pp39-pypy39_pp73-macosx_10_15_x86_64.whl", hash = "sha256:a5ca923d1fa632f7a4fb33c0766c6fba7f87141a055c305c3e47e256fb99c413"},
    {file = "cytoolz-1.0.1-pp39-pypy39_pp73-manylinux_2_17_aarch64.manylinux2014_aarch64.whl", hash = "sha256:058bf996bcae9aad3acaeeb937d42e0c77c081081e67e24e9578a6a353cb7fb2"},
    {file = "cytoolz-1.0.1-pp39-pypy39_pp73-manylinux_2_5_i686.manylinux1_i686.manylinux_2_17_i686.manylinux2014_i686.whl", hash = "sha256:69e2a1f41a3dad94a17aef4a5cc003323359b9f0a9d63d4cc867cb5690a2551d"},
    {file = "cytoolz-1.0.1-pp39-pypy39_pp73-manylinux_2_5_x86_64.manylinux1_x86_64.manylinux_2_17_x86_64.manylinux2014_x86_64.whl", hash = "sha256:67daeeeadb012ec2b59d63cb29c4f2a2023b0c4957c3342d354b8bb44b209e9a"},
    {file = "cytoolz-1.0.1-pp39-pypy39_pp73-win_amd64.whl", hash = "sha256:54d3d36bbf0d4344d1afa22c58725d1668e30ff9de3a8f56b03db1a6da0acb11"},
    {file = "cytoolz-1.0.1.tar.gz", hash = "sha256:89cc3161b89e1bb3ed7636f74ed2e55984fd35516904fc878cae216e42b2c7d6"},
]

[package.dependencies]
toolz = ">=0.8.0"

[package.extras]
cython = ["cython"]

[[package]]
name = "eth-hash"
version = "0.7.1"
description = "eth-hash: The Ethereum hashing function, keccak256, sometimes (erroneously) called sha3"
optional = false
python-versions = "<4,>=3.8"
files = [
    {file = "eth_hash-0.7.1-py3-none-any.whl", hash = "sha256:0fb1add2adf99ef28883fd6228eb447ef519ea72933535ad1a0b28c6f65f868a"},
    {file = "eth_hash-0.7.1.tar.gz", hash = "sha256:d2411a403a0b0a62e8247b4117932d900ffb4c8c64b15f92620547ca5ce46be5"},
]

[package.extras]
dev = ["build (>=0.9.0)", "bump_my_version (>=0.19.0)", "ipython", "mypy (==1.10.0)", "pre-commit (>=3.4.0)", "pytest (>=7.0.0)", "pytest-xdist (>=2.4.0)", "sphinx (>=6.0.0)", "sphinx-autobuild (>=2021.3.14)", "sphinx_rtd_theme (>=1.0.0)", "towncrier (>=24,<25)", "tox (>=4.0.0)", "twine", "wheel"]
docs = ["sphinx (>=6.0.0)", "sphinx-autobuild (>=2021.3.14)", "sphinx_rtd_theme (>=1.0.0)", "towncrier (>=24,<25)"]
pycryptodome = ["pycryptodome (>=3.6.6,<4)"]
pysha3 = ["pysha3 (>=1.0.0,<2.0.0)", "safe-pysha3 (>=1.0.0)"]
test = ["pytest (>=7.0.0)", "pytest-xdist (>=2.4.0)"]

[[package]]
name = "eth-typing"
version = "5.1.0"
description = "eth-typing: Common type annotations for ethereum python packages"
optional = false
python-versions = "<4,>=3.8"
files = [
    {file = "eth_typing-5.1.0-py3-none-any.whl", hash = "sha256:c0d6b93f5385aa84efc4b47ae2bd478da069bc0ffda8b67e0ccb573f43defd29"},
    {file = "eth_typing-5.1.0.tar.gz", hash = "sha256:8581f212ee6252aaa285377a77620f6e5f6e16ac3f144c61f098fafd47967b1a"},
]

[package.dependencies]
typing_extensions = ">=4.5.0"

[package.extras]
dev = ["build (>=0.9.0)", "bump_my_version (>=0.19.0)", "ipython", "mypy (==1.10.0)", "pre-commit (>=3.4.0)", "pytest (>=7.0.0)", "pytest-xdist (>=2.4.0)", "sphinx (>=6.0.0)", "sphinx-autobuild (>=2021.3.14)", "sphinx_rtd_theme (>=1.0.0)", "towncrier (>=24,<25)", "tox (>=4.0.0)", "twine", "wheel"]
docs = ["sphinx (>=6.0.0)", "sphinx-autobuild (>=2021.3.14)", "sphinx_rtd_theme (>=1.0.0)", "towncrier (>=24,<25)"]
test = ["pytest (>=7.0.0)", "pytest-xdist (>=2.4.0)"]

[[package]]
name = "eth-utils"
version = "5.2.0"
description = "eth-utils: Common utility functions for python code that interacts with Ethereum"
optional = false
python-versions = "<4,>=3.8"
files = [
    {file = "eth_utils-5.2.0-py3-none-any.whl", hash = "sha256:4d43eeb6720e89a042ad5b28d4b2111630ae764f444b85cbafb708d7f076da10"},
    {file = "eth_utils-5.2.0.tar.gz", hash = "sha256:17e474eb654df6e18f20797b22c6caabb77415a996b3ba0f3cc8df3437463134"},
]

[package.dependencies]
cytoolz = {version = ">=0.10.1", markers = "implementation_name == \"cpython\""}
eth-hash = ">=0.3.1"
eth-typing = ">=5.0.0"
toolz = {version = ">0.8.2", markers = "implementation_name == \"pypy\""}

[package.extras]
dev = ["build (>=0.9.0)", "bump-my-version (>=0.19.0)", "eth-hash[pycryptodome]", "hypothesis (>=4.43.0)", "ipython", "mypy (==1.10.0)", "pre-commit (>=3.4.0)", "pytest (>=7.0.0)", "pytest-xdist (>=2.4.0)", "sphinx (>=6.0.0)", "sphinx-autobuild (>=2021.3.14)", "sphinx-rtd-theme (>=1.0.0)", "towncrier (>=24,<25)", "tox (>=4.0.0)", "twine", "wheel"]
docs = ["sphinx (>=6.0.0)", "sphinx-autobuild (>=2021.3.14)", "sphinx-rtd-theme (>=1.0.0)", "towncrier (>=24,<25)"]
test = ["hypothesis (>=4.43.0)", "mypy (==1.10.0)", "pytest (>=7.0.0)", "pytest-xdist (>=2.4.0)"]

[[package]]
name = "milagro-bls-binding"
version = "1.9.0"
description = ""
optional = false
python-versions = ">=3.7"
files = [
    {file = "milagro_bls_binding-1.9.0-cp37-abi3-macosx_10_7_x86_64.whl", hash = "sha256:b2362f0d14318a3f44a3d1e186e2069eb25859cc4b9cae3e473505a28954803e"},
    {file = "milagro_bls_binding-1.9.0-cp37-abi3-macosx_10_9_x86_64.macosx_11_0_arm64.macosx_10_9_universal2.whl", hash = "sha256:8800b9a8c61c20d1fdb5593b8e1940cbf6e521b454cc6f764fc22f026337651f"},
    {file = "milagro_bls_binding-1.9.0-cp37-abi3-manylinux_2_17_aarch64.manylinux2014_aarch64.whl", hash = "sha256:2c47c5e45b30d0df02b65c2da4f9e10a49cc1a773f47796294663fc564ca56ee"},
    {file = "milagro_bls_binding-1.9.0-cp37-abi3-manylinux_2_5_i686.manylinux1_i686.whl", hash = "sha256:a28cbae598a01f76c5204a29b2d060c9aee8c66898e37c37b708aecc16d1b482"},
    {file = "milagro_bls_binding-1.9.0-cp37-abi3-manylinux_2_5_x86_64.manylinux1_x86_64.whl", hash = "sha256:5646113ffa12a43acda419341817cf3b1b327b9e81dfd2c2a98c6aa1b38422c0"},
    {file = "milagro_bls_binding-1.9.0-cp37-abi3-win32.whl", hash = "sha256:4d91da896d8de735c828dc1815d7dcaeeed9363c25a5d4f725ec3916672cbc79"},
    {file = "milagro_bls_binding-1.9.0-cp37-abi3-win_amd64.whl", hash = "sha256:d723eac25c1c5d8ebc9937a4eebcea40be1b2fff742dcf181d83e4ee59d2b12d"},
    {file = "milagro_bls_binding-1.9.0.tar.gz", hash = "sha256:43fb41b335b2a40ee21f2698c6ae27ed83921f5f6109443705f793c77d4b6d6e"},
]

[package.extras]
test = ["py-ecc (==6.0.0)", "pytest (>=6.2.5)", "pytest-benchmark (>=3.2.3)"]

[[package]]
name = "py-arkworks-bls12381"
version = "0.3.8"
description = ""
optional = false
python-versions = ">=3.8"
files = [
    {file = "py_arkworks_bls12381-0.3.8-cp310-cp310-macosx_10_12_x86_64.whl", hash = "sha256:4a1598e3a0f052a9f2604d7a2aa7589d22d7394b4020cc5d8acf71a121b5facc"},
    {file = "py_arkworks_bls12381-0.3.8-cp310-cp310-macosx_11_0_arm64.whl", hash = "sha256:753c37e6468d9f96dcaa541d1ab72cf2b1a8177bf78de735014e82398b44c7cd"},
    {file = "py_arkworks_bls12381-0.3.8-cp310-cp310-manylinux_2_17_aarch64.manylinux2014_aarch64.whl", hash = "sha256:73ab2c5122262d8c278f6edebf2e7f5e8dd236324de75844eafb773795de8d73"},
    {file = "py_arkworks_bls12381-0.3.8-cp310-cp310-manylinux_2_17_armv7l.manylinux2014_armv7l.whl", hash = "sha256:c4c5522201a722d4ac777c1baa1e1c59d91feca1df2e9c2e9619b84d5ca5381d"},
    {file = "py_arkworks_bls12381-0.3.8-cp310-cp310-manylinux_2_17_i686.manylinux2014_i686.whl", hash = "sha256:955f48ff5aa73701e5480e16c419ca17110f8329a2409091823a49909f582ffa"},
    {file = "py_arkworks_bls12381-0.3.8-cp310-cp310-manylinux_2_17_ppc64le.manylinux2014_ppc64le.whl", hash = "sha256:b664162b7e39d306f6b0ac4f7e51d56713218bc33d3f69de84a717457946b577"},
    {file = "py_arkworks_bls12381-0.3.8-cp310-cp310-manylinux_2_17_s390x.manylinux2014_s390x.whl", hash = "sha256:c87ce646240458e37e49bfefcad0eca48a7b18f3f9932e8aace54d58e3dd61fe"},
    {file = "py_arkworks_bls12381-0.3.8-cp310-cp310-manylinux_2_17_x86_64.manylinux2014_x86_64.whl", hash = "sha256:099eabe90d88bfa74211372c49299cba1832d50bdfcf9c78235da1b9378929ef"},
    {file = "py_arkworks_bls12381-0.3.8-cp310-none-win32.whl", hash = "sha256:e2ec6ffde905a60e5ece376ed268bc91201e5fc0d9551a9208a38b8373e0b6b3"},
    {file = "py_arkworks_bls12381-0.3.8-cp310-none-win_amd64.whl", hash = "sha256:b7ece4b8c8e8e19eb422b398eb296777281f80eee17e8c040f3ac5b6c862cd7b"},
    {file = "py_arkworks_bls12381-0.3.8-cp311-cp311-macosx_10_12_x86_64.whl", hash = "sha256:0c27acea6bbb042afaba30089e05c9558d1687a79f8507e5f6af8e881bb94755"},
    {file = "py_arkworks_bls12381-0.3.8-cp311-cp311-macosx_11_0_arm64.whl", hash = "sha256:577eeb36dc626a413018423461a9ac3fff23c762d232e1e76a550ebdff983343"},
    {file = "py_arkworks_bls12381-0.3.8-cp311-cp311-manylinux_2_17_aarch64.manylinux2014_aarch64.whl", hash = "sha256:beff911d86315541c47292ba58d15d8b932bb521db0a03527a5c16d16277153e"},
    {file = "py_arkworks_bls12381-0.3.8-cp311-cp311-manylinux_2_17_armv7l.manylinux2014_armv7l.whl", hash = "sha256:6a60483cb0fd2f6e020d61b8eedebcfad6795aa40715c3ffbd09197ef2bad1e1"},
    {file = "py_arkworks_bls12381-0.3.8-cp311-cp311-manylinux_2_17_i686.manylinux2014_i686.whl", hash = "sha256:64e335591ce8f5a00e1d866f0c1df75c2ecc67593913118c4a8b12647cd504b8"},
    {file = "py_arkworks_bls12381-0.3.8-cp311-cp311-manylinux_2_17_ppc64le.manylinux2014_ppc64le.whl", hash = "sha256:5142e70c15059de0d07e1b668f4d139a415681e2f84546ff9a3bc2d10a197c97"},
    {file = "py_arkworks_bls12381-0.3.8-cp311-cp311-manylinux_2_17_s390x.manylinux2014_s390x.whl", hash = "sha256:f0d6f91252bb9aec74d42ccd31b7dd5c16bb0f68cd3c5e6bc97aaa21eff5ceab"},
    {file = "py_arkworks_bls12381-0.3.8-cp311-cp311-manylinux_2_17_x86_64.manylinux2014_x86_64.whl", hash = "sha256:b8f1582af711827bc2c1776e0bb58d0f56dfc258a0b9fdbf1249861f839569cf"},
    {file = "py_arkworks_bls12381-0.3.8-cp311-none-win32.whl", hash = "sha256:8dfe514046abadae712f425e0b95395e80c89fb253bf37406fb9b0a5b882a3c0"},
    {file = "py_arkworks_bls12381-0.3.8-cp311-none-win_amd64.whl", hash = "sha256:87c66e6ce03600f560e983006d817c458ef137223f6808488db9ad0bbb2edcf9"},
    {file = "py_arkworks_bls12381-0.3.8-cp312-cp312-macosx_10_12_x86_64.whl", hash = "sha256:52db4a7684f9a40514dcef9c7873c111db8965fd464734985e9f479cdd6be762"},
    {file = "py_arkworks_bls12381-0.3.8-cp312-cp312-macosx_11_0_arm64.whl", hash = "sha256:294fbb40b170be5179cf5bc443860479c4ef6b7cbf3e4f57cf5276f294ac4d73"},
    {file = "py_arkworks_bls12381-0.3.8-cp312-cp312-manylinux_2_17_aarch64.manylinux2014_aarch64.whl", hash = "sha256:0c406e0d35b380c9d805eec088d2449bc5cc6f4d4b57331a25e4aa904227d66e"},
    {file = "py_arkworks_bls12381-0.3.8-cp312-cp312-manylinux_2_17_armv7l.manylinux2014_armv7l.whl", hash = "sha256:aa59f9e69c44267a5a6afda4788d118d031a2828cecae3caceded50e07171e3a"},
    {file = "py_arkworks_bls12381-0.3.8-cp312-cp312-manylinux_2_17_i686.manylinux2014_i686.whl", hash = "sha256:40964d26b356f2ac19de1f1c091550fe87543e7ba454fecc1c2c317342a0cf91"},
    {file = "py_arkworks_bls12381-0.3.8-cp312-cp312-manylinux_2_17_ppc64le.manylinux2014_ppc64le.whl", hash = "sha256:029e5356a703cbd053d7da60e4fd13987b4b8430b6ad3db9ff94e2bd80df95ef"},
    {file = "py_arkworks_bls12381-0.3.8-cp312-cp312-manylinux_2_17_s390x.manylinux2014_s390x.whl", hash = "sha256:ba2e793617b72b054a7bb1179e4693be15658b439dea75ea976917ad2353a147"},
    {file = "py_arkworks_bls12381-0.3.8-cp312-cp312-manylinux_2_17_x86_64.manylinux2014_x86_64.whl", hash = "sha256:0fb25872672a339ac2e38676e2a38122e01e671f778f91ab5b9fe9fff1662fe0"},
    {file = "py_arkworks_bls12381-0.3.8-cp312-none-win32.whl", hash = "sha256:e40cfdb8a22cb0b0dbfaf2a87957320adae8a0997f5814a607ddbd0b94141411"},
    {file = "py_arkworks_bls12381-0.3.8-cp312-none-win_amd64.whl", hash = "sha256:919f4e63d1a5a95725d917fed3c260122e80d49cde16cc7b1749f914cb297c3e"},
    {file = "py_arkworks_bls12381-0.3.8-cp38-cp38-macosx_10_12_x86_64.whl", hash = "sha256:05f84780d448dd7a8bb7d76754566f80e1df6cfe4e63531d27bc9f5814a27b0a"},
    {file = "py_arkworks_bls12381-0.3.8-cp38-cp38-macosx_11_0_arm64.whl", hash = "sha256:6b3c0791a16975522b28eadbb867f839596becc7e7fe90e5b04254234ffa0495"},
    {file = "py_arkworks_bls12381-0.3.8-cp38-cp38-manylinux_2_17_aarch64.manylinux2014_aarch64.whl", hash = "sha256:65daf1b8345b6cc7a4ac40c4258fd991081cc82f13ced9834dd01e8f5dcea6c8"},
    {file = "py_arkworks_bls12381-0.3.8-cp38-cp38-manylinux_2_17_armv7l.manylinux2014_armv7l.whl", hash = "sha256:b49127e14a055cf697fb4e30bb210c22f35c9965bd5fda7c720eb9ce69118db9"},
    {file = "py_arkworks_bls12381-0.3.8-cp38-cp38-manylinux_2_17_i686.manylinux2014_i686.whl", hash = "sha256:28fe9e515788caefe40589404bf72cbf1763186cdfcc43c125aa9ecd826f0b01"},
    {file = "py_arkworks_bls12381-0.3.8-cp38-cp38-manylinux_2_17_ppc64le.manylinux2014_ppc64le.whl", hash = "sha256:b1c6c2f197dd168ad05b03c0706de96aef58d5966c23331d0f8a0eec6eb3fa35"},
    {file = "py_arkworks_bls12381-0.3.8-cp38-cp38-manylinux_2_17_s390x.manylinux2014_s390x.whl", hash = "sha256:c07af4ff8e2c9418ea61d2352d2e7d75ecf690df0dea75dadd17680a05e46fa5"},
    {file = "py_arkworks_bls12381-0.3.8-cp38-cp38-manylinux_2_17_x86_64.manylinux2014_x86_64.whl", hash = "sha256:c012903513f5318c8a88e69269e78d5c2dbf2b3853d7bfa76ccb81b4bd9fb3f1"},
    {file = "py_arkworks_bls12381-0.3.8-cp38-none-win32.whl", hash = "sha256:31d09bfdf108e63725b32aa2e58f04b4a62975ce7eced5096e44822a36ec5899"},
    {file = "py_arkworks_bls12381-0.3.8-cp38-none-win_amd64.whl", hash = "sha256:bc252785669bc2427352b4c5f97bd8054969238a272cdb1f59e04c2174680f62"},
    {file = "py_arkworks_bls12381-0.3.8-cp39-cp39-macosx_10_12_x86_64.whl", hash = "sha256:c74cb4f8ad64f4ba0d3a96c1746a5422ea3c62e0f925b285a2823dc72cbc2b8e"},
    {file = "py_arkworks_bls12381-0.3.8-cp39-cp39-macosx_11_0_arm64.whl", hash = "sha256:1ce519608bade99bec3e56a5b1a509b769759fda474a559500e481345443df52"},
    {file = "py_arkworks_bls12381-0.3.8-cp39-cp39-manylinux_2_17_aarch64.manylinux2014_aarch64.whl", hash = "sha256:ea7c85a3da5b2d613622eb09d7ff12720bdccc3e3e0ce481edbdd0e8246de7db"},
    {file = "py_arkworks_bls12381-0.3.8-cp39-cp39-manylinux_2_17_armv7l.manylinux2014_armv7l.whl", hash = "sha256:1fb9167cc3627a56f34742267ef9c54b30e2945b47a1d68148a8985cc7b46b9b"},
    {file = "py_arkworks_bls12381-0.3.8-cp39-cp39-manylinux_2_17_i686.manylinux2014_i686.whl", hash = "sha256:a7d7392162019293af9cbc6d4b17cb34b6c244235caee3d491fe2da570955f59"},
    {file = "py_arkworks_bls12381-0.3.8-cp39-cp39-manylinux_2_17_ppc64le.manylinux2014_ppc64le.whl", hash = "sha256:0f6ff3485333ca4dd19cb5268f3fff1e61eaae9fd9002c4baa3672d58a735361"},
    {file = "py_arkworks_bls12381-0.3.8-cp39-cp39-manylinux_2_17_s390x.manylinux2014_s390x.whl", hash = "sha256:572c7a5954b45c4c8e03c7fbba464024d0d44153bc9934a2d49edb23f589c4d4"},
    {file = "py_arkworks_bls12381-0.3.8-cp39-cp39-manylinux_2_17_x86_64.manylinux2014_x86_64.whl", hash = "sha256:865ae809f619c4b629f0ea72c854edae17244e9e7b08b89cabeb12f157659095"},
    {file = "py_arkworks_bls12381-0.3.8-cp39-none-win32.whl", hash = "sha256:83aa428aa3eb9375b4faa4f539b35a15bb80ed13f408af5c67498790ffd79f6f"},
    {file = "py_arkworks_bls12381-0.3.8-cp39-none-win_amd64.whl", hash = "sha256:229083a92f2bd5a42440872a4a1cc4b91b995c18887d929f4d87234f836f4740"},
    {file = "py_arkworks_bls12381-0.3.8-pp310-pypy310_pp73-manylinux_2_17_aarch64.manylinux2014_aarch64.whl", hash = "sha256:f7ec0ab37c835e88f3c972255d781c2c0c2a4adb96ab57c11885cb2f40895e4e"},
    {file = "py_arkworks_bls12381-0.3.8-pp310-pypy310_pp73-manylinux_2_17_armv7l.manylinux2014_armv7l.whl", hash = "sha256:59047c64e1281e65636e32b37f0243dcbacfbf7dc20e3923fdadd63653ead6d6"},
    {file = "py_arkworks_bls12381-0.3.8-pp310-pypy310_pp73-manylinux_2_17_i686.manylinux2014_i686.whl", hash = "sha256:2b9ca2bc060f5617c6e271d52e07fdee9a6f68568c9d6006a62af53e2f8ac164"},
    {file = "py_arkworks_bls12381-0.3.8-pp310-pypy310_pp73-manylinux_2_17_ppc64le.manylinux2014_ppc64le.whl", hash = "sha256:ea82e56048c41915efaa3b965ab30616ad6595b7d2293d87e9f7f3f18ff1e222"},
    {file = "py_arkworks_bls12381-0.3.8-pp310-pypy310_pp73-manylinux_2_17_s390x.manylinux2014_s390x.whl", hash = "sha256:a53fc1e231a1c409d3d4b7cd5f80cf88a386752241163bd579dbd956bd60c6ab"},
    {file = "py_arkworks_bls12381-0.3.8-pp310-pypy310_pp73-manylinux_2_17_x86_64.manylinux2014_x86_64.whl", hash = "sha256:4d965d2ea96bdd1848b09f54e06b34573d4b822d80e8a76594007e00db74b320"},
    {file = "py_arkworks_bls12381-0.3.8-pp38-pypy38_pp73-manylinux_2_17_aarch64.manylinux2014_aarch64.whl", hash = "sha256:cfa3171f2f5d55230b6b19316094647eb60e8ee02e21d40d1a74a60f6c806109"},
    {file = "py_arkworks_bls12381-0.3.8-pp38-pypy38_pp73-manylinux_2_17_armv7l.manylinux2014_armv7l.whl", hash = "sha256:d79b58f4f9e759bae6bc2fdba018b89543e8aef7548ad5212f98684807b599dd"},
    {file = "py_arkworks_bls12381-0.3.8-pp38-pypy38_pp73-manylinux_2_17_ppc64le.manylinux2014_ppc64le.whl", hash = "sha256:c468f72ed5372c1e68d1d41bce9d10fa3d7439c469c8956503f52cecae742af9"},
    {file = "py_arkworks_bls12381-0.3.8-pp38-pypy38_pp73-manylinux_2_17_s390x.manylinux2014_s390x.whl", hash = "sha256:617aa2abbb95b0279b0962cfb93327b920430fe66a5df6f9acbada918979a39d"},
    {file = "py_arkworks_bls12381-0.3.8-pp39-pypy39_pp73-manylinux_2_17_aarch64.manylinux2014_aarch64.whl", hash = "sha256:e5db3aa30e8b3c614ca19a273e4a1c818655cae0638be15396e96675b50ca710"},
    {file = "py_arkworks_bls12381-0.3.8-pp39-pypy39_pp73-manylinux_2_17_armv7l.manylinux2014_armv7l.whl", hash = "sha256:21ed4681c10fe078a5b884617fcedb573ed55ea8c66199e16c39c2b14be4ae46"},
    {file = "py_arkworks_bls12381-0.3.8-pp39-pypy39_pp73-manylinux_2_17_i686.manylinux2014_i686.whl", hash = "sha256:529b0262af61a38b418b8c2efed9c1fde0ad33585180d29077304e967410a1ae"},
    {file = "py_arkworks_bls12381-0.3.8-pp39-pypy39_pp73-manylinux_2_17_ppc64le.manylinux2014_ppc64le.whl", hash = "sha256:c8df8e254842d3b3cce09bf5b2fbabb78d0ac10a11e3500ee112050eed38343e"},
    {file = "py_arkworks_bls12381-0.3.8-pp39-pypy39_pp73-manylinux_2_17_s390x.manylinux2014_s390x.whl", hash = "sha256:fb3d184d67542acc4bb819ef549cae047f1d604796557952de80aeacdb0f5339"},
    {file = "py_arkworks_bls12381-0.3.8-pp39-pypy39_pp73-manylinux_2_17_x86_64.manylinux2014_x86_64.whl", hash = "sha256:b8829218aed58f16deb55b7edc5f7a118c2c0b36d2254b21244673cdb7b0c220"},
    {file = "py_arkworks_bls12381-0.3.8.tar.gz", hash = "sha256:744e30a73707b435156115b22bae3884c00b243e3c79c4406a4616726bb6a82f"},
]

[[package]]
name = "py-ecc"
version = "7.0.1"
description = "py-ecc: Elliptic curve crypto in python including secp256k1, alt_bn128, and bls12_381"
optional = false
python-versions = "<4,>=3.8"
files = [
    {file = "py_ecc-7.0.1-py3-none-any.whl", hash = "sha256:84a8b4d436163c83c65345a68e32f921ef6e64374a36f8e561f0455b4b08f5f2"},
    {file = "py_ecc-7.0.1.tar.gz", hash = "sha256:557461f42e57294d734305a30faf6b8903421651871e9cdeff8d8e67c6796c70"},
]

[package.dependencies]
cached-property = ">=1.5.1"
eth-typing = ">=3.0.0"
eth-utils = ">=2.0.0"

[package.extras]
dev = ["build (>=0.9.0)", "bumpversion (>=0.5.3)", "ipython", "pre-commit (>=3.4.0)", "pytest (>=7.0.0)", "pytest-xdist (>=2.4.0)", "sphinx (>=6.0.0)", "sphinx-autobuild (>=2021.3.14)", "sphinx-rtd-theme (>=1.0.0)", "towncrier (>=21,<22)", "tox (>=4.0.0)", "twine", "wheel"]
docs = ["sphinx (>=6.0.0)", "sphinx-autobuild (>=2021.3.14)", "sphinx-rtd-theme (>=1.0.0)", "towncrier (>=21,<22)"]
test = ["pytest (>=7.0.0)", "pytest-xdist (>=2.4.0)"]

[[package]]
name = "toolz"
version = "1.0.0"
description = "List processing tools and functional utilities"
optional = false
python-versions = ">=3.8"
files = [
    {file = "toolz-1.0.0-py3-none-any.whl", hash = "sha256:292c8f1c4e7516bf9086f8850935c799a874039c8bcf959d47b600e4c44a6236"},
    {file = "toolz-1.0.0.tar.gz", hash = "sha256:2c86e3d9a04798ac556793bced838816296a2f085017664e4995cb40a1047a02"},
]

[[package]]
name = "typing-extensions"
version = "4.12.2"
description = "Backported and Experimental Type Hints for Python 3.8+"
optional = false
python-versions = ">=3.8"
files = [
    {file = "typing_extensions-4.12.2-py3-none-any.whl", hash = "sha256:04e5ca0351e0f3f85c6853954072df659d0d13fac324d0072316b67d7794700d"},
    {file = "typing_extensions-4.12.2.tar.gz", hash = "sha256:1a7ead55c7e559dd4dee8856e3a88b41225abfe1ce8df57b7c13915fe121ffb8"},
]

[metadata]
lock-version = "2.0"
python-versions = "^3.10"
content-hash = "0efa04d5ce97f368c4cfd4f209a236a74e13ec5f004285ec4e08e5d37fd57fad"
